
Microsoft Visual Studio Solution File, Format Version 12.00
# Visual Studio Version 17
VisualStudioVersion = 17.9.34728.123
MinimumVisualStudioVersion = 10.0.40219.1
Project("{8BC9CEB8-8B4A-11D0-8D11-00A0C91BC942}") = "New_menu", "New_menu.vcxproj", "{63B39A17-BC5C-4B17-83BB-F557C52ED3B5}"
EndProject
Global
	GlobalSection(SolutionConfigurationPlatforms) = preSolution
		G1|x86 = G1|x86
		G1A|x86 = G1A|x86
		G1Ad|x86 = G1Ad|x86
		G1d|x86 = G1d|x86
		G2|x86 = G2|x86
		G2A|x86 = G2A|x86
		G2Ad|x86 = G2Ad|x86
		G2d|x86 = G2d|x86
		MPx2|x86 = MPx2|x86
		MPx2d|x86 = MPx2d|x86
		MPx4|x86 = MPx4|x86
		MPx4d|x86 = MPx4d|x86
	EndGlobalSection
	GlobalSection(ProjectConfigurationPlatforms) = postSolution
		{63B39A17-BC5C-4B17-83BB-F557C52ED3B5}.G1|x86.ActiveCfg = G1|Win32
		{63B39A17-BC5C-4B17-83BB-F557C52ED3B5}.G1|x86.Build.0 = G1|Win32
		{63B39A17-BC5C-4B17-83BB-F557C52ED3B5}.G1A|x86.ActiveCfg = G1A|Win32
		{63B39A17-BC5C-4B17-83BB-F557C52ED3B5}.G1A|x86.Build.0 = G1A|Win32
		{63B39A17-BC5C-4B17-83BB-F557C52ED3B5}.G1Ad|x86.ActiveCfg = G1Ad|Win32
		{63B39A17-BC5C-4B17-83BB-F557C52ED3B5}.G1Ad|x86.Build.0 = G1Ad|Win32
		{63B39A17-BC5C-4B17-83BB-F557C52ED3B5}.G1d|x86.ActiveCfg = G1d|Win32
		{63B39A17-BC5C-4B17-83BB-F557C52ED3B5}.G1d|x86.Build.0 = G1d|Win32
		{63B39A17-BC5C-4B17-83BB-F557C52ED3B5}.G2|x86.ActiveCfg = G2|Win32
		{63B39A17-BC5C-4B17-83BB-F557C52ED3B5}.G2|x86.Build.0 = G2|Win32
		{63B39A17-BC5C-4B17-83BB-F557C52ED3B5}.G2A|x86.ActiveCfg = G2A|Win32
		{63B39A17-BC5C-4B17-83BB-F557C52ED3B5}.G2A|x86.Build.0 = G2A|Win32
		{63B39A17-BC5C-4B17-83BB-F557C52ED3B5}.G2Ad|x86.ActiveCfg = G2Ad|Win32
		{63B39A17-BC5C-4B17-83BB-F557C52ED3B5}.G2Ad|x86.Build.0 = G2Ad|Win32
		{63B39A17-BC5C-4B17-83BB-F557C52ED3B5}.G2d|x86.ActiveCfg = G2d|Win32
		{63B39A17-BC5C-4B17-83BB-F557C52ED3B5}.G2d|x86.Build.0 = G2d|Win32
		{63B39A17-BC5C-4B17-83BB-F557C52ED3B5}.MPx2|x86.ActiveCfg = MPx2|Win32
		{63B39A17-BC5C-4B17-83BB-F557C52ED3B5}.MPx2|x86.Build.0 = MPx2|Win32
		{63B39A17-BC5C-4B17-83BB-F557C52ED3B5}.MPx2d|x86.ActiveCfg = MPx2d|Win32
		{63B39A17-BC5C-4B17-83BB-F557C52ED3B5}.MPx2d|x86.Build.0 = MPx2d|Win32
		{63B39A17-BC5C-4B17-83BB-F557C52ED3B5}.MPx4|x86.ActiveCfg = MPx4|Win32
		{63B39A17-BC5C-4B17-83BB-F557C52ED3B5}.MPx4|x86.Build.0 = MPx4|Win32
		{63B39A17-BC5C-4B17-83BB-F557C52ED3B5}.MPx4d|x86.ActiveCfg = MPx4d|Win32
		{63B39A17-BC5C-4B17-83BB-F557C52ED3B5}.MPx4d|x86.Build.0 = MPx4d|Win32
	EndGlobalSection
	GlobalSection(SolutionProperties) = preSolution
		HideSolutionNode = FALSE
	EndGlobalSection
	GlobalSection(ExtensibilityGlobals) = postSolution
		SolutionGuid = {8CF072F4-C3A0-418C-AA5D-539E3AD13147}
	EndGlobalSection
EndGlobal
